
Microsoft Visual Studio Solution File, Format Version 11.00
# Visual Studio 2010
Project("{2150E333-8FDC-42A3-9474-1A3956D46DE8}") = "UI-Layer", "UI-Layer", "{A598FC70-A13D-4389-82B3-B6A27E46D541}"
EndProject
Project("{2150E333-8FDC-42A3-9474-1A3956D46DE8}") = "Domain", "Domain", "{B5051294-F44D-4C56-9E49-59F58F527EC2}"
EndProject
Project("{FAE04EC0-301F-11D3-BF4B-00C04F79EFBC}") = "BusinessLogicLayer", "BusinessLogicLayer\BusinessLogicLayer.csproj", "{FBC3D717-6D88-4EA9-BEE6-73C3C66CF102}"
EndProject
Project("{FAE04EC0-301F-11D3-BF4B-00C04F79EFBC}") = "WinUI-PresentationView", "WinUI-PresentationView\WinUI-PresentationView.csproj", "{AD1D32DC-4D05-47CF-B69B-26E70C82029E}"
EndProject
Project("{FAE04EC0-301F-11D3-BF4B-00C04F79EFBC}") = "PresentationLogicLayer-MVP", "PresentationLogicLayer-MVP\PresentationLogicLayer-MVP.csproj", "{38C45BC6-432E-4223-B61A-8447078B3889}"
EndProject
Project("{FAE04EC0-301F-11D3-BF4B-00C04F79EFBC}") = "DataAccessLayer", "DataAccessLayer\DataAccessLayer.csproj", "{2DCA387D-27A2-49EF-AA32-89C7D3E74F23}"
EndProject
Global
	GlobalSection(SolutionConfigurationPlatforms) = preSolution
		Debug|Any CPU = Debug|Any CPU
		Debug|Mixed Platforms = Debug|Mixed Platforms
		Debug|x86 = Debug|x86
		Release|Any CPU = Release|Any CPU
		Release|Mixed Platforms = Release|Mixed Platforms
		Release|x86 = Release|x86
	EndGlobalSection
	GlobalSection(ProjectConfigurationPlatforms) = postSolution
		{FBC3D717-6D88-4EA9-BEE6-73C3C66CF102}.Debug|Any CPU.ActiveCfg = Debug|Any CPU
		{FBC3D717-6D88-4EA9-BEE6-73C3C66CF102}.Debug|Any CPU.Build.0 = Debug|Any CPU
		{FBC3D717-6D88-4EA9-BEE6-73C3C66CF102}.Debug|Mixed Platforms.ActiveCfg = Debug|Any CPU
		{FBC3D717-6D88-4EA9-BEE6-73C3C66CF102}.Debug|Mixed Platforms.Build.0 = Debug|Any CPU
		{FBC3D717-6D88-4EA9-BEE6-73C3C66CF102}.Debug|x86.ActiveCfg = Debug|Any CPU
		{FBC3D717-6D88-4EA9-BEE6-73C3C66CF102}.Release|Any CPU.ActiveCfg = Release|Any CPU
		{FBC3D717-6D88-4EA9-BEE6-73C3C66CF102}.Release|Any CPU.Build.0 = Release|Any CPU
		{FBC3D717-6D88-4EA9-BEE6-73C3C66CF102}.Release|Mixed Platforms.ActiveCfg = Release|Any CPU
		{FBC3D717-6D88-4EA9-BEE6-73C3C66CF102}.Release|Mixed Platforms.Build.0 = Release|Any CPU
		{FBC3D717-6D88-4EA9-BEE6-73C3C66CF102}.Release|x86.ActiveCfg = Release|Any CPU
		{AD1D32DC-4D05-47CF-B69B-26E70C82029E}.Debug|Any CPU.ActiveCfg = Debug|x86
		{AD1D32DC-4D05-47CF-B69B-26E70C82029E}.Debug|Mixed Platforms.ActiveCfg = Debug|x86
		{AD1D32DC-4D05-47CF-B69B-26E70C82029E}.Debug|Mixed Platforms.Build.0 = Debug|x86
		{AD1D32DC-4D05-47CF-B69B-26E70C82029E}.Debug|x86.ActiveCfg = Debug|x86
		{AD1D32DC-4D05-47CF-B69B-26E70C82029E}.Debug|x86.Build.0 = Debug|x86
		{AD1D32DC-4D05-47CF-B69B-26E70C82029E}.Release|Any CPU.ActiveCfg = Release|x86
		{AD1D32DC-4D05-47CF-B69B-26E70C82029E}.Release|Mixed Platforms.ActiveCfg = Release|x86
		{AD1D32DC-4D05-47CF-B69B-26E70C82029E}.Release|Mixed Platforms.Build.0 = Release|x86
		{AD1D32DC-4D05-47CF-B69B-26E70C82029E}.Release|x86.ActiveCfg = Release|x86
		{AD1D32DC-4D05-47CF-B69B-26E70C82029E}.Release|x86.Build.0 = Release|x86
		{38C45BC6-432E-4223-B61A-8447078B3889}.Debug|Any CPU.ActiveCfg = Debug|Any CPU
		{38C45BC6-432E-4223-B61A-8447078B3889}.Debug|Any CPU.Build.0 = Debug|Any CPU
		{38C45BC6-432E-4223-B61A-8447078B3889}.Debug|Mixed Platforms.ActiveCfg = Debug|Any CPU
		{38C45BC6-432E-4223-B61A-8447078B3889}.Debug|Mixed Platforms.Build.0 = Debug|Any CPU
		{38C45BC6-432E-4223-B61A-8447078B3889}.Debug|x86.ActiveCfg = Debug|Any CPU
		{38C45BC6-432E-4223-B61A-8447078B3889}.Release|Any CPU.ActiveCfg = Release|Any CPU
		{38C45BC6-432E-4223-B61A-8447078B3889}.Release|Any CPU.Build.0 = Release|Any CPU
		{38C45BC6-432E-4223-B61A-8447078B3889}.Release|Mixed Platforms.ActiveCfg = Release|Any CPU
		{38C45BC6-432E-4223-B61A-8447078B3889}.Release|Mixed Platforms.Build.0 = Release|Any CPU
		{38C45BC6-432E-4223-B61A-8447078B3889}.Release|x86.ActiveCfg = Release|Any CPU
		{2DCA387D-27A2-49EF-AA32-89C7D3E74F23}.Debug|Any CPU.ActiveCfg = Debug|Any CPU
		{2DCA387D-27A2-49EF-AA32-89C7D3E74F23}.Debug|Any CPU.Build.0 = Debug|Any CPU
		{2DCA387D-27A2-49EF-AA32-89C7D3E74F23}.Debug|Mixed Platforms.ActiveCfg = Debug|Any CPU
		{2DCA387D-27A2-49EF-AA32-89C7D3E74F23}.Debug|Mixed Platforms.Build.0 = Debug|Any CPU
		{2DCA387D-27A2-49EF-AA32-89C7D3E74F23}.Debug|x86.ActiveCfg = Debug|Any CPU
		{2DCA387D-27A2-49EF-AA32-89C7D3E74F23}.Release|Any CPU.ActiveCfg = Release|Any CPU
		{2DCA387D-27A2-49EF-AA32-89C7D3E74F23}.Release|Any CPU.Build.0 = Release|Any CPU
		{2DCA387D-27A2-49EF-AA32-89C7D3E74F23}.Release|Mixed Platforms.ActiveCfg = Release|Any CPU
		{2DCA387D-27A2-49EF-AA32-89C7D3E74F23}.Release|Mixed Platforms.Build.0 = Release|Any CPU
		{2DCA387D-27A2-49EF-AA32-89C7D3E74F23}.Release|x86.ActiveCfg = Release|Any CPU
	EndGlobalSection
	GlobalSection(SolutionProperties) = preSolution
		HideSolutionNode = FALSE
	EndGlobalSection
	GlobalSection(NestedProjects) = preSolution
		{AD1D32DC-4D05-47CF-B69B-26E70C82029E} = {A598FC70-A13D-4389-82B3-B6A27E46D541}
		{38C45BC6-432E-4223-B61A-8447078B3889} = {A598FC70-A13D-4389-82B3-B6A27E46D541}
		{FBC3D717-6D88-4EA9-BEE6-73C3C66CF102} = {B5051294-F44D-4C56-9E49-59F58F527EC2}
		{2DCA387D-27A2-49EF-AA32-89C7D3E74F23} = {B5051294-F44D-4C56-9E49-59F58F527EC2}
	EndGlobalSection
EndGlobal
